
Microsoft Visual Studio Solution File, Format Version 12.00
# Visual Studio Version 17
VisualStudioVersion = 17.1.32407.343
MinimumVisualStudioVersion = 10.0.40219.1
Project("{FAE04EC0-301F-11D3-BF4B-00C04F79EFBC}") = "RandomNumberGenerator", "RandomNumberGenerator\RandomNumberGenerator.csproj", "{3F93BF15-3907-45BC-8224-43A1BDDA68AD}"
EndProject
Global
	GlobalSection(SolutionConfigurationPlatforms) = preSolution
		Debug|Any CPU = Debug|Any CPU
		Release|Any CPU = Release|Any CPU
	EndGlobalSection
	GlobalSection(ProjectConfigurationPlatforms) = postSolution
		{3F93BF15-3907-45BC-8224-43A1BDDA68AD}.Debug|Any CPU.ActiveCfg = Debug|Any CPU
		{3F93BF15-3907-45BC-8224-43A1BDDA68AD}.Debug|Any CPU.Build.0 = Debug|Any CPU
		{3F93BF15-3907-45BC-8224-43A1BDDA68AD}.Release|Any CPU.ActiveCfg = Release|Any CPU
		{3F93BF15-3907-45BC-8224-43A1BDDA68AD}.Release|Any CPU.Build.0 = Release|Any CPU
	EndGlobalSection
	GlobalSection(SolutionProperties) = preSolution
		HideSolutionNode = FALSE
	EndGlobalSection
	GlobalSection(ExtensibilityGlobals) = postSolution
		SolutionGuid = {F157C369-D961-4212-A642-FAF3D072CDC2}
	EndGlobalSection
EndGlobal
